
Microsoft Visual Studio Solution File, Format Version 12.00
# Visual Studio Version 17
VisualStudioVersion = 17.7.34003.232
MinimumVisualStudioVersion = 10.0.40219.1
Project("{FAE04EC0-301F-11D3-BF4B-00C04F79EFBC}") = "Linear equation in two unknowns", "Linear equation in two unknowns.csproj", "{3DE587A1-9C7B-4516-BE25-3CCAE4F93870}"
EndProject
Global
	GlobalSection(SolutionConfigurationPlatforms) = preSolution
		Debug|Any CPU = Debug|Any CPU
		Release|Any CPU = Release|Any CPU
	EndGlobalSection
	GlobalSection(ProjectConfigurationPlatforms) = postSolution
		{3DE587A1-9C7B-4516-BE25-3CCAE4F93870}.Debug|Any CPU.ActiveCfg = Debug|Any CPU
		{3DE587A1-9C7B-4516-BE25-3CCAE4F93870}.Debug|Any CPU.Build.0 = Debug|Any CPU
		{3DE587A1-9C7B-4516-BE25-3CCAE4F93870}.Release|Any CPU.ActiveCfg = Release|Any CPU
		{3DE587A1-9C7B-4516-BE25-3CCAE4F93870}.Release|Any CPU.Build.0 = Release|Any CPU
	EndGlobalSection
	GlobalSection(SolutionProperties) = preSolution
		HideSolutionNode = FALSE
	EndGlobalSection
	GlobalSection(ExtensibilityGlobals) = postSolution
		SolutionGuid = {C6334C8E-F6EF-4AF9-9B7D-AFC51FCF1083}
	EndGlobalSection
EndGlobal
